
Microsoft Visual Studio Solution File, Format Version 12.00
# Visual Studio Version 17
VisualStudioVersion = 17.11.35219.272
MinimumVisualStudioVersion = 10.0.40219.1
Project("{9A19103F-16F7-4668-BE54-9A1E7A4F7556}") = "API_Network", "API_Network\API_Network.csproj", "{A950E1DB-DEFC-4A9F-85D6-CE47A2DB98DF}"
EndProject
Global
	GlobalSection(SolutionConfigurationPlatforms) = preSolution
		Debug|Any CPU = Debug|Any CPU
		Release|Any CPU = Release|Any CPU
	EndGlobalSection
	GlobalSection(ProjectConfigurationPlatforms) = postSolution
		{A950E1DB-DEFC-4A9F-85D6-CE47A2DB98DF}.Debug|Any CPU.ActiveCfg = Debug|Any CPU
		{A950E1DB-DEFC-4A9F-85D6-CE47A2DB98DF}.Debug|Any CPU.Build.0 = Debug|Any CPU
		{A950E1DB-DEFC-4A9F-85D6-CE47A2DB98DF}.Release|Any CPU.ActiveCfg = Release|Any CPU
		{A950E1DB-DEFC-4A9F-85D6-CE47A2DB98DF}.Release|Any CPU.Build.0 = Release|Any CPU
	EndGlobalSection
	GlobalSection(SolutionProperties) = preSolution
		HideSolutionNode = FALSE
	EndGlobalSection
	GlobalSection(ExtensibilityGlobals) = postSolution
		SolutionGuid = {372D9155-1AB5-47FC-83CF-F991B65196EF}
	EndGlobalSection
EndGlobal
