
Microsoft Visual Studio Solution File, Format Version 12.00
# Visual Studio Version 17
VisualStudioVersion = 17.5.002.0
MinimumVisualStudioVersion = 10.0.40219.1
Project("{9A19103F-16F7-4668-BE54-9A1E7A4F7556}") = "API_Network", "API_Network.csproj", "{318D0E01-6EDD-40DF-B516-253BCC261B91}"
EndProject
Global
	GlobalSection(SolutionConfigurationPlatforms) = preSolution
		Debug|Any CPU = Debug|Any CPU
		Release|Any CPU = Release|Any CPU
	EndGlobalSection
	GlobalSection(ProjectConfigurationPlatforms) = postSolution
		{318D0E01-6EDD-40DF-B516-253BCC261B91}.Debug|Any CPU.ActiveCfg = Debug|Any CPU
		{318D0E01-6EDD-40DF-B516-253BCC261B91}.Debug|Any CPU.Build.0 = Debug|Any CPU
		{318D0E01-6EDD-40DF-B516-253BCC261B91}.Release|Any CPU.ActiveCfg = Release|Any CPU
		{318D0E01-6EDD-40DF-B516-253BCC261B91}.Release|Any CPU.Build.0 = Release|Any CPU
	EndGlobalSection
	GlobalSection(SolutionProperties) = preSolution
		HideSolutionNode = FALSE
	EndGlobalSection
	GlobalSection(ExtensibilityGlobals) = postSolution
		SolutionGuid = {2B26FAEB-4735-45D6-9EB7-64B82202DA82}
	EndGlobalSection
EndGlobal
